
Microsoft Visual Studio Solution File, Format Version 12.00
# Visual Studio Version 16
VisualStudioVersion = 16.0.30225.117
MinimumVisualStudioVersion = 10.0.40219.1
Project("{888888A0-9F3D-457C-B088-3A5042F75D52}") = "talusGANPytorch", "talusGANPytorch.pyproj", "{8D550F44-5C89-4DCD-90D2-26D4DA107D59}"
EndProject
Global
	GlobalSection(SolutionConfigurationPlatforms) = preSolution
		Debug|Any CPU = Debug|Any CPU
		Release|Any CPU = Release|Any CPU
	EndGlobalSection
	GlobalSection(ProjectConfigurationPlatforms) = postSolution
		{8D550F44-5C89-4DCD-90D2-26D4DA107D59}.Debug|Any CPU.ActiveCfg = Debug|Any CPU
		{8D550F44-5C89-4DCD-90D2-26D4DA107D59}.Release|Any CPU.ActiveCfg = Release|Any CPU
	EndGlobalSection
	GlobalSection(SolutionProperties) = preSolution
		HideSolutionNode = FALSE
	EndGlobalSection
	GlobalSection(ExtensibilityGlobals) = postSolution
		SolutionGuid = {2DD98C23-DDCA-4360-8A1D-E2120A755B42}
	EndGlobalSection
EndGlobal
